# This file is automatically @generated by Wally.
# It is not intended for manual editing.
registry = "test"

[[package]]
name = "csqrl/sift"
version = "0.0.8"
dependencies = []

[[package]]
name = "evaera/promise"
version = "4.0.0"
dependencies = []

[[package]]
name = "lukadev-0/typed-promise"
version = "4.0.2"
dependencies = [["Promise", "evaera/promise@4.0.0"]]

[[package]]
name = "synpixel/rbx-resend"
version = "0.1.0"
dependencies = [["Promise", "lukadev-0/typed-promise@4.0.2"], ["Sift", "csqrl/sift@0.0.8"]]
